
Microsoft Visual Studio Solution File, Format Version 12.00
# Visual Studio 15
VisualStudioVersion = 15.0.27703.2042
MinimumVisualStudioVersion = 10.0.40219.1
Project("{FAE04EC0-301F-11D3-BF4B-00C04F79EFBC}") = "ExcelFunctionality", "ExcelFunctionality\ExcelFunctionality.csproj", "{90FB1A32-7AFD-447D-A45A-7920DCDBDFFF}"
EndProject
Global
	GlobalSection(SolutionConfigurationPlatforms) = preSolution
		Debug|Any CPU = Debug|Any CPU
		Release|Any CPU = Release|Any CPU
	EndGlobalSection
	GlobalSection(ProjectConfigurationPlatforms) = postSolution
		{90FB1A32-7AFD-447D-A45A-7920DCDBDFFF}.Debug|Any CPU.ActiveCfg = Debug|Any CPU
		{90FB1A32-7AFD-447D-A45A-7920DCDBDFFF}.Debug|Any CPU.Build.0 = Debug|Any CPU
		{90FB1A32-7AFD-447D-A45A-7920DCDBDFFF}.Release|Any CPU.ActiveCfg = Release|Any CPU
		{90FB1A32-7AFD-447D-A45A-7920DCDBDFFF}.Release|Any CPU.Build.0 = Release|Any CPU
	EndGlobalSection
	GlobalSection(SolutionProperties) = preSolution
		HideSolutionNode = FALSE
	EndGlobalSection
	GlobalSection(ExtensibilityGlobals) = postSolution
		SolutionGuid = {1B26EDD6-D8F0-4A03-9ECE-0A58E27CE09E}
	EndGlobalSection
EndGlobal
